
Microsoft Visual Studio Solution File, Format Version 12.00
# Visual Studio Version 17
VisualStudioVersion = 17.6.33801.468
MinimumVisualStudioVersion = 10.0.40219.1
Project("{FAE04EC0-301F-11D3-BF4B-00C04F79EFBC}") = "ListaDeCompra", "ListaDeCompra\ListaDeCompra.csproj", "{CEB1861F-077F-4F5B-8B9B-3BA571FE37BE}"
EndProject
Global
	GlobalSection(SolutionConfigurationPlatforms) = preSolution
		Debug|Any CPU = Debug|Any CPU
		Release|Any CPU = Release|Any CPU
	EndGlobalSection
	GlobalSection(ProjectConfigurationPlatforms) = postSolution
		{CEB1861F-077F-4F5B-8B9B-3BA571FE37BE}.Debug|Any CPU.ActiveCfg = Debug|Any CPU
		{CEB1861F-077F-4F5B-8B9B-3BA571FE37BE}.Debug|Any CPU.Build.0 = Debug|Any CPU
		{CEB1861F-077F-4F5B-8B9B-3BA571FE37BE}.Release|Any CPU.ActiveCfg = Release|Any CPU
		{CEB1861F-077F-4F5B-8B9B-3BA571FE37BE}.Release|Any CPU.Build.0 = Release|Any CPU
	EndGlobalSection
	GlobalSection(SolutionProperties) = preSolution
		HideSolutionNode = FALSE
	EndGlobalSection
	GlobalSection(ExtensibilityGlobals) = postSolution
		SolutionGuid = {A2278F7D-BBD7-42B1-A748-FEE8A54BCD02}
	EndGlobalSection
EndGlobal
